
Microsoft Visual Studio Solution File, Format Version 12.00
# Visual Studio 14
VisualStudioVersion = 14.0.25420.1
MinimumVisualStudioVersion = 10.0.40219.1
Project("{FAE04EC0-301F-11D3-BF4B-00C04F79EFBC}") = "ThingsThatIForgetWhenISneeze", "ThingsThatIForgetWhenISneeze\ThingsThatIForgetWhenISneeze.csproj", "{946FD382-7771-4BCA-8CBE-976F0393EF22}"
EndProject
Project("{FAE04EC0-301F-11D3-BF4B-00C04F79EFBC}") = "ThingsThatIForgetWhenISneeze.Application", "ThingsThatIForgetWhenISneeze.Application\ThingsThatIForgetWhenISneeze.Application.csproj", "{B591D60B-8A1B-4C9F-A2FA-DB2133A68815}"
EndProject
Project("{FAE04EC0-301F-11D3-BF4B-00C04F79EFBC}") = "ApplicationUnitTest", "ApplicationUnitTest\ApplicationUnitTest.csproj", "{9652306B-F1F1-4E5F-93F4-3B94F631726F}"
EndProject
Project("{FAE04EC0-301F-11D3-BF4B-00C04F79EFBC}") = "ThingsThatIForgetWhenISneeze.Entites", "ThingsThatIForgetWhenISneeze.Entites\ThingsThatIForgetWhenISneeze.Entites.csproj", "{1DE2A870-8662-4EFB-A403-D10498F3261C}"
EndProject
Project("{FAE04EC0-301F-11D3-BF4B-00C04F79EFBC}") = "ThingsThatIForgetWhenISneeze.Repository", "ThingsThatIForgetWhenISneeze.Repository\ThingsThatIForgetWhenISneeze.Repository.csproj", "{A4929289-5BB8-4A72-AF21-C49D0A8F191E}"
EndProject
Global
	GlobalSection(SolutionConfigurationPlatforms) = preSolution
		Debug|Any CPU = Debug|Any CPU
		Release|Any CPU = Release|Any CPU
	EndGlobalSection
	GlobalSection(ProjectConfigurationPlatforms) = postSolution
		{946FD382-7771-4BCA-8CBE-976F0393EF22}.Debug|Any CPU.ActiveCfg = Debug|Any CPU
		{946FD382-7771-4BCA-8CBE-976F0393EF22}.Debug|Any CPU.Build.0 = Debug|Any CPU
		{946FD382-7771-4BCA-8CBE-976F0393EF22}.Release|Any CPU.ActiveCfg = Release|Any CPU
		{946FD382-7771-4BCA-8CBE-976F0393EF22}.Release|Any CPU.Build.0 = Release|Any CPU
		{B591D60B-8A1B-4C9F-A2FA-DB2133A68815}.Debug|Any CPU.ActiveCfg = Debug|Any CPU
		{B591D60B-8A1B-4C9F-A2FA-DB2133A68815}.Debug|Any CPU.Build.0 = Debug|Any CPU
		{B591D60B-8A1B-4C9F-A2FA-DB2133A68815}.Release|Any CPU.ActiveCfg = Release|Any CPU
		{B591D60B-8A1B-4C9F-A2FA-DB2133A68815}.Release|Any CPU.Build.0 = Release|Any CPU
		{9652306B-F1F1-4E5F-93F4-3B94F631726F}.Debug|Any CPU.ActiveCfg = Debug|Any CPU
		{9652306B-F1F1-4E5F-93F4-3B94F631726F}.Debug|Any CPU.Build.0 = Debug|Any CPU
		{9652306B-F1F1-4E5F-93F4-3B94F631726F}.Release|Any CPU.ActiveCfg = Release|Any CPU
		{9652306B-F1F1-4E5F-93F4-3B94F631726F}.Release|Any CPU.Build.0 = Release|Any CPU
		{1DE2A870-8662-4EFB-A403-D10498F3261C}.Debug|Any CPU.ActiveCfg = Debug|Any CPU
		{1DE2A870-8662-4EFB-A403-D10498F3261C}.Debug|Any CPU.Build.0 = Debug|Any CPU
		{1DE2A870-8662-4EFB-A403-D10498F3261C}.Release|Any CPU.ActiveCfg = Release|Any CPU
		{1DE2A870-8662-4EFB-A403-D10498F3261C}.Release|Any CPU.Build.0 = Release|Any CPU
		{A4929289-5BB8-4A72-AF21-C49D0A8F191E}.Debug|Any CPU.ActiveCfg = Debug|Any CPU
		{A4929289-5BB8-4A72-AF21-C49D0A8F191E}.Debug|Any CPU.Build.0 = Debug|Any CPU
		{A4929289-5BB8-4A72-AF21-C49D0A8F191E}.Release|Any CPU.ActiveCfg = Release|Any CPU
		{A4929289-5BB8-4A72-AF21-C49D0A8F191E}.Release|Any CPU.Build.0 = Release|Any CPU
	EndGlobalSection
	GlobalSection(SolutionProperties) = preSolution
		HideSolutionNode = FALSE
	EndGlobalSection
EndGlobal
